
Microsoft Visual Studio Solution File, Format Version 12.00
# Visual Studio 15
VisualStudioVersion = 15.0.28307.421
MinimumVisualStudioVersion = 10.0.40219.1
Project("{FAE04EC0-301F-11D3-BF4B-00C04F79EFBC}") = "Data", "Data\Data.csproj", "{2D46DF73-7744-41AE-B1C9-84EA52A857A6}"
EndProject
Project("{FAE04EC0-301F-11D3-BF4B-00C04F79EFBC}") = "Common", "Common\Common.csproj", "{C5DE471F-AD34-4247-86C9-C6F54D9EFCAC}"
EndProject
Project("{FAE04EC0-301F-11D3-BF4B-00C04F79EFBC}") = "WebApiService", "WebApiService\WebApiService.csproj", "{3C4A4B64-7D80-4CAA-AD62-1A8B9A0EB72A}"
EndProject
Project("{FAE04EC0-301F-11D3-BF4B-00C04F79EFBC}") = "WebUI", "WebUI\WebUI.csproj", "{72130404-C364-47EA-B466-50E20F56BAAA}"
EndProject
Global
	GlobalSection(SolutionConfigurationPlatforms) = preSolution
		Debug|Any CPU = Debug|Any CPU
		Release|Any CPU = Release|Any CPU
	EndGlobalSection
	GlobalSection(ProjectConfigurationPlatforms) = postSolution
		{2D46DF73-7744-41AE-B1C9-84EA52A857A6}.Debug|Any CPU.ActiveCfg = Debug|Any CPU
		{2D46DF73-7744-41AE-B1C9-84EA52A857A6}.Debug|Any CPU.Build.0 = Debug|Any CPU
		{2D46DF73-7744-41AE-B1C9-84EA52A857A6}.Release|Any CPU.ActiveCfg = Release|Any CPU
		{2D46DF73-7744-41AE-B1C9-84EA52A857A6}.Release|Any CPU.Build.0 = Release|Any CPU
		{C5DE471F-AD34-4247-86C9-C6F54D9EFCAC}.Debug|Any CPU.ActiveCfg = Debug|Any CPU
		{C5DE471F-AD34-4247-86C9-C6F54D9EFCAC}.Debug|Any CPU.Build.0 = Debug|Any CPU
		{C5DE471F-AD34-4247-86C9-C6F54D9EFCAC}.Release|Any CPU.ActiveCfg = Release|Any CPU
		{C5DE471F-AD34-4247-86C9-C6F54D9EFCAC}.Release|Any CPU.Build.0 = Release|Any CPU
		{3C4A4B64-7D80-4CAA-AD62-1A8B9A0EB72A}.Debug|Any CPU.ActiveCfg = Debug|Any CPU
		{3C4A4B64-7D80-4CAA-AD62-1A8B9A0EB72A}.Debug|Any CPU.Build.0 = Debug|Any CPU
		{3C4A4B64-7D80-4CAA-AD62-1A8B9A0EB72A}.Release|Any CPU.ActiveCfg = Release|Any CPU
		{3C4A4B64-7D80-4CAA-AD62-1A8B9A0EB72A}.Release|Any CPU.Build.0 = Release|Any CPU
		{72130404-C364-47EA-B466-50E20F56BAAA}.Debug|Any CPU.ActiveCfg = Debug|Any CPU
		{72130404-C364-47EA-B466-50E20F56BAAA}.Debug|Any CPU.Build.0 = Debug|Any CPU
		{72130404-C364-47EA-B466-50E20F56BAAA}.Release|Any CPU.ActiveCfg = Release|Any CPU
		{72130404-C364-47EA-B466-50E20F56BAAA}.Release|Any CPU.Build.0 = Release|Any CPU
	EndGlobalSection
	GlobalSection(SolutionProperties) = preSolution
		HideSolutionNode = FALSE
	EndGlobalSection
	GlobalSection(ExtensibilityGlobals) = postSolution
		SolutionGuid = {EA1C3D5B-756B-4C34-B18F-E7BD16A16558}
	EndGlobalSection
EndGlobal
